// !$*UTF8*$!
{
	archiveVersion = 1;
	classes = {
	};
	objectVersion = 56;
	objects = {

/* Begin PBXBuildFile section */
		526224FA293332B20090FF0F /* TestImport.swift in Sources */ = {isa = PBXBuildFile; fileRef = 526224F9293332B20090FF0F /* TestImport.swift */; };
		5262252129333E1C0090FF0F /* UserNotifications.framework in Frameworks */ = {isa = PBXBuildFile; fileRef = 5262252029333E1C0090FF0F /* UserNotifications.framework */; };
		5262252329333E1C0090FF0F /* UserNotificationsUI.framework in Frameworks */ = {isa = PBXBuildFile; fileRef = 5262252229333E1C0090FF0F /* UserNotificationsUI.framework */; };
		5262252629333E1C0090FF0F /* NotificationViewController.swift in Sources */ = {isa = PBXBuildFile; fileRef = 5262252529333E1C0090FF0F /* NotificationViewController.swift */; };
		5262252929333E1C0090FF0F /* MainInterface.storyboard in Resources */ = {isa = PBXBuildFile; fileRef = 5262252729333E1C0090FF0F /* MainInterface.storyboard */; };
		5262252D29333E1C0090FF0F /* msgNotificationContent.appex in Embed Foundation Extensions */ = {isa = PBXBuildFile; fileRef = 5262251F29333E1C0090FF0F /* msgNotificationContent.appex */; settings = {ATTRIBUTES = (RemoveHeadersOnCopy, ); }; };
		5262253829333E5B0090FF0F /* NotificationService.swift in Sources */ = {isa = PBXBuildFile; fileRef = 5262253729333E5B0090FF0F /* NotificationService.swift */; };
		5262253C29333E5B0090FF0F /* msgNotificationService.appex in Embed Foundation Extensions */ = {isa = PBXBuildFile; fileRef = 5262253529333E5B0090FF0F /* msgNotificationService.appex */; settings = {ATTRIBUTES = (RemoveHeadersOnCopy, ); }; };
		5262254129333F840090FF0F /* Utils.swift in Sources */ = {isa = PBXBuildFile; fileRef = 5262254029333F840090FF0F /* Utils.swift */; };
		5262254229333F840090FF0F /* Utils.swift in Sources */ = {isa = PBXBuildFile; fileRef = 5262254029333F840090FF0F /* Utils.swift */; };
		52670894292CA6E3002CDDAE /* AppDelegate.m in Sources */ = {isa = PBXBuildFile; fileRef = 52670893292CA6E3002CDDAE /* AppDelegate.m */; };
		52670897292CA6E3002CDDAE /* SceneDelegate.m in Sources */ = {isa = PBXBuildFile; fileRef = 52670896292CA6E3002CDDAE /* SceneDelegate.m */; };
		5267089A292CA6E3002CDDAE /* ViewController.m in Sources */ = {isa = PBXBuildFile; fileRef = 52670899292CA6E3002CDDAE /* ViewController.m */; };
		5267089D292CA6E3002CDDAE /* Main.storyboard in Resources */ = {isa = PBXBuildFile; fileRef = 5267089B292CA6E3002CDDAE /* Main.storyboard */; };
		5267089F292CA6E5002CDDAE /* Assets.xcassets in Resources */ = {isa = PBXBuildFile; fileRef = 5267089E292CA6E5002CDDAE /* Assets.xcassets */; };
		526708A2292CA6E5002CDDAE /* LaunchScreen.storyboard in Resources */ = {isa = PBXBuildFile; fileRef = 526708A0292CA6E5002CDDAE /* LaunchScreen.storyboard */; };
		526708A5292CA6E5002CDDAE /* main.m in Sources */ = {isa = PBXBuildFile; fileRef = 526708A4292CA6E5002CDDAE /* main.m */; };
		526708AD292CA722002CDDAE /* CansConnect.framework in Frameworks */ = {isa = PBXBuildFile; fileRef = 526708AC292CA722002CDDAE /* CansConnect.framework */; };
		526708AE292CA722002CDDAE /* CansConnect.framework in Embed Frameworks */ = {isa = PBXBuildFile; fileRef = 526708AC292CA722002CDDAE /* CansConnect.framework */; settings = {ATTRIBUTES = (CodeSignOnCopy, RemoveHeadersOnCopy, ); }; };
/* End PBXBuildFile section */

/* Begin PBXContainerItemProxy section */
		5262252B29333E1C0090FF0F /* PBXContainerItemProxy */ = {
			isa = PBXContainerItemProxy;
			containerPortal = 52670887292CA6E3002CDDAE /* Project object */;
			proxyType = 1;
			remoteGlobalIDString = 5262251E29333E1C0090FF0F;
			remoteInfo = msgNotificationContent;
		};
		5262253A29333E5B0090FF0F /* PBXContainerItemProxy */ = {
			isa = PBXContainerItemProxy;
			containerPortal = 52670887292CA6E3002CDDAE /* Project object */;
			proxyType = 1;
			remoteGlobalIDString = 5262253429333E5B0090FF0F;
			remoteInfo = msgNotificationService;
		};
/* End PBXContainerItemProxy section */

/* Begin PBXCopyFilesBuildPhase section */
		5262250B29333D900090FF0F /* Embed Foundation Extensions */ = {
			isa = PBXCopyFilesBuildPhase;
			buildActionMask = 2147483647;
			dstPath = "";
			dstSubfolderSpec = 13;
			files = (
				5262252D29333E1C0090FF0F /* msgNotificationContent.appex in Embed Foundation Extensions */,
				5262253C29333E5B0090FF0F /* msgNotificationService.appex in Embed Foundation Extensions */,
			);
			name = "Embed Foundation Extensions";
			runOnlyForDeploymentPostprocessing = 0;
		};
		526708AF292CA722002CDDAE /* Embed Frameworks */ = {
			isa = PBXCopyFilesBuildPhase;
			buildActionMask = 2147483647;
			dstPath = "";
			dstSubfolderSpec = 10;
			files = (
				526708AE292CA722002CDDAE /* CansConnect.framework in Embed Frameworks */,
			);
			name = "Embed Frameworks";
			runOnlyForDeploymentPostprocessing = 0;
		};
/* End PBXCopyFilesBuildPhase section */

/* Begin PBXFileReference section */
		526224F8293332B10090FF0F /* DemoApp-Bridging-Header.h */ = {isa = PBXFileReference; lastKnownFileType = sourcecode.c.h; path = "DemoApp-Bridging-Header.h"; sourceTree = "<group>"; };
		526224F9293332B20090FF0F /* TestImport.swift */ = {isa = PBXFileReference; lastKnownFileType = sourcecode.swift; path = TestImport.swift; sourceTree = "<group>"; };
		5262251F29333E1C0090FF0F /* msgNotificationContent.appex */ = {isa = PBXFileReference; explicitFileType = "wrapper.app-extension"; includeInIndex = 0; path = msgNotificationContent.appex; sourceTree = BUILT_PRODUCTS_DIR; };
		5262252029333E1C0090FF0F /* UserNotifications.framework */ = {isa = PBXFileReference; lastKnownFileType = wrapper.framework; name = UserNotifications.framework; path = System/Library/Frameworks/UserNotifications.framework; sourceTree = SDKROOT; };
		5262252229333E1C0090FF0F /* UserNotificationsUI.framework */ = {isa = PBXFileReference; lastKnownFileType = wrapper.framework; name = UserNotificationsUI.framework; path = System/Library/Frameworks/UserNotificationsUI.framework; sourceTree = SDKROOT; };
		5262252529333E1C0090FF0F /* NotificationViewController.swift */ = {isa = PBXFileReference; lastKnownFileType = sourcecode.swift; path = NotificationViewController.swift; sourceTree = "<group>"; };
		5262252829333E1C0090FF0F /* Base */ = {isa = PBXFileReference; lastKnownFileType = file.storyboard; name = Base; path = Base.lproj/MainInterface.storyboard; sourceTree = "<group>"; };
		5262252A29333E1C0090FF0F /* Info.plist */ = {isa = PBXFileReference; lastKnownFileType = text.plist.xml; path = Info.plist; sourceTree = "<group>"; };
		5262253529333E5B0090FF0F /* msgNotificationService.appex */ = {isa = PBXFileReference; explicitFileType = "wrapper.app-extension"; includeInIndex = 0; path = msgNotificationService.appex; sourceTree = BUILT_PRODUCTS_DIR; };
		5262253729333E5B0090FF0F /* NotificationService.swift */ = {isa = PBXFileReference; lastKnownFileType = sourcecode.swift; path = NotificationService.swift; sourceTree = "<group>"; };
		5262253929333E5B0090FF0F /* Info.plist */ = {isa = PBXFileReference; lastKnownFileType = text.plist.xml; path = Info.plist; sourceTree = "<group>"; };
		5262254029333F840090FF0F /* Utils.swift */ = {isa = PBXFileReference; fileEncoding = 4; lastKnownFileType = sourcecode.swift; path = Utils.swift; sourceTree = "<group>"; };
		5267088F292CA6E3002CDDAE /* DemoApp.app */ = {isa = PBXFileReference; explicitFileType = wrapper.application; includeInIndex = 0; path = DemoApp.app; sourceTree = BUILT_PRODUCTS_DIR; };
		52670892292CA6E3002CDDAE /* AppDelegate.h */ = {isa = PBXFileReference; lastKnownFileType = sourcecode.c.h; path = AppDelegate.h; sourceTree = "<group>"; };
		52670893292CA6E3002CDDAE /* AppDelegate.m */ = {isa = PBXFileReference; lastKnownFileType = sourcecode.c.objc; path = AppDelegate.m; sourceTree = "<group>"; };
		52670895292CA6E3002CDDAE /* SceneDelegate.h */ = {isa = PBXFileReference; lastKnownFileType = sourcecode.c.h; path = SceneDelegate.h; sourceTree = "<group>"; };
		52670896292CA6E3002CDDAE /* SceneDelegate.m */ = {isa = PBXFileReference; lastKnownFileType = sourcecode.c.objc; path = SceneDelegate.m; sourceTree = "<group>"; };
		52670898292CA6E3002CDDAE /* ViewController.h */ = {isa = PBXFileReference; lastKnownFileType = sourcecode.c.h; path = ViewController.h; sourceTree = "<group>"; };
		52670899292CA6E3002CDDAE /* ViewController.m */ = {isa = PBXFileReference; lastKnownFileType = sourcecode.c.objc; path = ViewController.m; sourceTree = "<group>"; };
		5267089C292CA6E3002CDDAE /* Base */ = {isa = PBXFileReference; lastKnownFileType = file.storyboard; name = Base; path = Base.lproj/Main.storyboard; sourceTree = "<group>"; };
		5267089E292CA6E5002CDDAE /* Assets.xcassets */ = {isa = PBXFileReference; lastKnownFileType = folder.assetcatalog; path = Assets.xcassets; sourceTree = "<group>"; };
		526708A1292CA6E5002CDDAE /* Base */ = {isa = PBXFileReference; lastKnownFileType = file.storyboard; name = Base; path = Base.lproj/LaunchScreen.storyboard; sourceTree = "<group>"; };
		526708A3292CA6E5002CDDAE /* Info.plist */ = {isa = PBXFileReference; lastKnownFileType = text.plist.xml; path = Info.plist; sourceTree = "<group>"; };
		526708A4292CA6E5002CDDAE /* main.m */ = {isa = PBXFileReference; lastKnownFileType = sourcecode.c.objc; path = main.m; sourceTree = "<group>"; };
		526708AC292CA722002CDDAE /* CansConnect.framework */ = {isa = PBXFileReference; explicitFileType = wrapper.framework; path = CansConnect.framework; sourceTree = BUILT_PRODUCTS_DIR; };
/* End PBXFileReference section */

/* Begin PBXFrameworksBuildPhase section */
		5262251C29333E1C0090FF0F /* Frameworks */ = {
			isa = PBXFrameworksBuildPhase;
			buildActionMask = 2147483647;
			files = (
				5262252329333E1C0090FF0F /* UserNotificationsUI.framework in Frameworks */,
				5262252129333E1C0090FF0F /* UserNotifications.framework in Frameworks */,
			);
			runOnlyForDeploymentPostprocessing = 0;
		};
		5262253229333E5B0090FF0F /* Frameworks */ = {
			isa = PBXFrameworksBuildPhase;
			buildActionMask = 2147483647;
			files = (
			);
			runOnlyForDeploymentPostprocessing = 0;
		};
		5267088C292CA6E3002CDDAE /* Frameworks */ = {
			isa = PBXFrameworksBuildPhase;
			buildActionMask = 2147483647;
			files = (
				526708AD292CA722002CDDAE /* CansConnect.framework in Frameworks */,
			);
			runOnlyForDeploymentPostprocessing = 0;
		};
/* End PBXFrameworksBuildPhase section */

/* Begin PBXGroup section */
		5262252429333E1C0090FF0F /* msgNotificationContent */ = {
			isa = PBXGroup;
			children = (
				5262252529333E1C0090FF0F /* NotificationViewController.swift */,
				5262252729333E1C0090FF0F /* MainInterface.storyboard */,
				5262252A29333E1C0090FF0F /* Info.plist */,
			);
			path = msgNotificationContent;
			sourceTree = "<group>";
		};
		5262253629333E5B0090FF0F /* msgNotificationService */ = {
			isa = PBXGroup;
			children = (
				5262254029333F840090FF0F /* Utils.swift */,
				5262253729333E5B0090FF0F /* NotificationService.swift */,
				5262253929333E5B0090FF0F /* Info.plist */,
			);
			path = msgNotificationService;
			sourceTree = "<group>";
		};
		52670886292CA6E3002CDDAE = {
			isa = PBXGroup;
			children = (
				52670891292CA6E3002CDDAE /* DemoApp */,
				5262252429333E1C0090FF0F /* msgNotificationContent */,
				5262253629333E5B0090FF0F /* msgNotificationService */,
				52670890292CA6E3002CDDAE /* Products */,
				526708AB292CA722002CDDAE /* Frameworks */,
			);
			sourceTree = "<group>";
		};
		52670890292CA6E3002CDDAE /* Products */ = {
			isa = PBXGroup;
			children = (
				5267088F292CA6E3002CDDAE /* DemoApp.app */,
				5262251F29333E1C0090FF0F /* msgNotificationContent.appex */,
				5262253529333E5B0090FF0F /* msgNotificationService.appex */,
			);
			name = Products;
			sourceTree = "<group>";
		};
		52670891292CA6E3002CDDAE /* DemoApp */ = {
			isa = PBXGroup;
			children = (
				52670892292CA6E3002CDDAE /* AppDelegate.h */,
				52670893292CA6E3002CDDAE /* AppDelegate.m */,
				52670895292CA6E3002CDDAE /* SceneDelegate.h */,
				52670896292CA6E3002CDDAE /* SceneDelegate.m */,
				52670898292CA6E3002CDDAE /* ViewController.h */,
				52670899292CA6E3002CDDAE /* ViewController.m */,
				5267089B292CA6E3002CDDAE /* Main.storyboard */,
				5267089E292CA6E5002CDDAE /* Assets.xcassets */,
				526708A0292CA6E5002CDDAE /* LaunchScreen.storyboard */,
				526708A3292CA6E5002CDDAE /* Info.plist */,
				526708A4292CA6E5002CDDAE /* main.m */,
				526224F9293332B20090FF0F /* TestImport.swift */,
				526224F8293332B10090FF0F /* DemoApp-Bridging-Header.h */,
			);
			path = DemoApp;
			sourceTree = "<group>";
		};
		526708AB292CA722002CDDAE /* Frameworks */ = {
			isa = PBXGroup;
			children = (
				526708AC292CA722002CDDAE /* CansConnect.framework */,
				5262252029333E1C0090FF0F /* UserNotifications.framework */,
				5262252229333E1C0090FF0F /* UserNotificationsUI.framework */,
			);
			name = Frameworks;
			sourceTree = "<group>";
		};
/* End PBXGroup section */

/* Begin PBXNativeTarget section */
		5262251E29333E1C0090FF0F /* msgNotificationContent */ = {
			isa = PBXNativeTarget;
			buildConfigurationList = 5262252E29333E1C0090FF0F /* Build configuration list for PBXNativeTarget "msgNotificationContent" */;
			buildPhases = (
				5262251B29333E1C0090FF0F /* Sources */,
				5262251C29333E1C0090FF0F /* Frameworks */,
				5262251D29333E1C0090FF0F /* Resources */,
			);
			buildRules = (
			);
			dependencies = (
			);
			name = msgNotificationContent;
			productName = msgNotificationContent;
			productReference = 5262251F29333E1C0090FF0F /* msgNotificationContent.appex */;
			productType = "com.apple.product-type.app-extension";
		};
		5262253429333E5B0090FF0F /* msgNotificationService */ = {
			isa = PBXNativeTarget;
			buildConfigurationList = 5262253D29333E5C0090FF0F /* Build configuration list for PBXNativeTarget "msgNotificationService" */;
			buildPhases = (
				5262253129333E5B0090FF0F /* Sources */,
				5262253229333E5B0090FF0F /* Frameworks */,
				5262253329333E5B0090FF0F /* Resources */,
			);
			buildRules = (
			);
			dependencies = (
			);
			name = msgNotificationService;
			productName = msgNotificationService;
			productReference = 5262253529333E5B0090FF0F /* msgNotificationService.appex */;
			productType = "com.apple.product-type.app-extension";
		};
		5267088E292CA6E3002CDDAE /* DemoApp */ = {
			isa = PBXNativeTarget;
			buildConfigurationList = 526708A8292CA6E5002CDDAE /* Build configuration list for PBXNativeTarget "DemoApp" */;
			buildPhases = (
				5267088B292CA6E3002CDDAE /* Sources */,
				5267088C292CA6E3002CDDAE /* Frameworks */,
				5267088D292CA6E3002CDDAE /* Resources */,
				526708AF292CA722002CDDAE /* Embed Frameworks */,
				5262250B29333D900090FF0F /* Embed Foundation Extensions */,
			);
			buildRules = (
			);
			dependencies = (
				5262252C29333E1C0090FF0F /* PBXTargetDependency */,
				5262253B29333E5B0090FF0F /* PBXTargetDependency */,
			);
			name = DemoApp;
			productName = DemoApp;
			productReference = 5267088F292CA6E3002CDDAE /* DemoApp.app */;
			productType = "com.apple.product-type.application";
		};
/* End PBXNativeTarget section */

/* Begin PBXProject section */
		52670887292CA6E3002CDDAE /* Project object */ = {
			isa = PBXProject;
			attributes = {
				BuildIndependentTargetsInParallel = 1;
				LastSwiftUpdateCheck = 1410;
				LastUpgradeCheck = 1410;
				TargetAttributes = {
					5262251E29333E1C0090FF0F = {
						CreatedOnToolsVersion = 14.1;
					};
					5262253429333E5B0090FF0F = {
						CreatedOnToolsVersion = 14.1;
					};
					5267088E292CA6E3002CDDAE = {
						CreatedOnToolsVersion = 14.1;
						LastSwiftMigration = 1410;
					};
				};
			};
			buildConfigurationList = 5267088A292CA6E3002CDDAE /* Build configuration list for PBXProject "DemoApp" */;
			compatibilityVersion = "Xcode 14.0";
			developmentRegion = en;
			hasScannedForEncodings = 0;
			knownRegions = (
				en,
				Base,
			);
			mainGroup = 52670886292CA6E3002CDDAE;
			productRefGroup = 52670890292CA6E3002CDDAE /* Products */;
			projectDirPath = "";
			projectRoot = "";
			targets = (
				5267088E292CA6E3002CDDAE /* DemoApp */,
				5262251E29333E1C0090FF0F /* msgNotificationContent */,
				5262253429333E5B0090FF0F /* msgNotificationService */,
			);
		};
/* End PBXProject section */

/* Begin PBXResourcesBuildPhase section */
		5262251D29333E1C0090FF0F /* Resources */ = {
			isa = PBXResourcesBuildPhase;
			buildActionMask = 2147483647;
			files = (
				5262252929333E1C0090FF0F /* MainInterface.storyboard in Resources */,
			);
			runOnlyForDeploymentPostprocessing = 0;
		};
		5262253329333E5B0090FF0F /* Resources */ = {
			isa = PBXResourcesBuildPhase;
			buildActionMask = 2147483647;
			files = (
			);
			runOnlyForDeploymentPostprocessing = 0;
		};
		5267088D292CA6E3002CDDAE /* Resources */ = {
			isa = PBXResourcesBuildPhase;
			buildActionMask = 2147483647;
			files = (
				526708A2292CA6E5002CDDAE /* LaunchScreen.storyboard in Resources */,
				5267089F292CA6E5002CDDAE /* Assets.xcassets in Resources */,
				5267089D292CA6E3002CDDAE /* Main.storyboard in Resources */,
			);
			runOnlyForDeploymentPostprocessing = 0;
		};
/* End PBXResourcesBuildPhase section */

/* Begin PBXSourcesBuildPhase section */
		5262251B29333E1C0090FF0F /* Sources */ = {
			isa = PBXSourcesBuildPhase;
			buildActionMask = 2147483647;
			files = (
				5262252629333E1C0090FF0F /* NotificationViewController.swift in Sources */,
				5262254129333F840090FF0F /* Utils.swift in Sources */,
			);
			runOnlyForDeploymentPostprocessing = 0;
		};
		5262253129333E5B0090FF0F /* Sources */ = {
			isa = PBXSourcesBuildPhase;
			buildActionMask = 2147483647;
			files = (
				5262253829333E5B0090FF0F /* NotificationService.swift in Sources */,
				5262254229333F840090FF0F /* Utils.swift in Sources */,
			);
			runOnlyForDeploymentPostprocessing = 0;
		};
		5267088B292CA6E3002CDDAE /* Sources */ = {
			isa = PBXSourcesBuildPhase;
			buildActionMask = 2147483647;
			files = (
				5267089A292CA6E3002CDDAE /* ViewController.m in Sources */,
				52670894292CA6E3002CDDAE /* AppDelegate.m in Sources */,
				526708A5292CA6E5002CDDAE /* main.m in Sources */,
				52670897292CA6E3002CDDAE /* SceneDelegate.m in Sources */,
				526224FA293332B20090FF0F /* TestImport.swift in Sources */,
			);
			runOnlyForDeploymentPostprocessing = 0;
		};
/* End PBXSourcesBuildPhase section */

/* Begin PBXTargetDependency section */
		5262252C29333E1C0090FF0F /* PBXTargetDependency */ = {
			isa = PBXTargetDependency;
			target = 5262251E29333E1C0090FF0F /* msgNotificationContent */;
			targetProxy = 5262252B29333E1C0090FF0F /* PBXContainerItemProxy */;
		};
		5262253B29333E5B0090FF0F /* PBXTargetDependency */ = {
			isa = PBXTargetDependency;
			target = 5262253429333E5B0090FF0F /* msgNotificationService */;
			targetProxy = 5262253A29333E5B0090FF0F /* PBXContainerItemProxy */;
		};
/* End PBXTargetDependency section */

/* Begin PBXVariantGroup section */
		5262252729333E1C0090FF0F /* MainInterface.storyboard */ = {
			isa = PBXVariantGroup;
			children = (
				5262252829333E1C0090FF0F /* Base */,
			);
			name = MainInterface.storyboard;
			sourceTree = "<group>";
		};
		5267089B292CA6E3002CDDAE /* Main.storyboard */ = {
			isa = PBXVariantGroup;
			children = (
				5267089C292CA6E3002CDDAE /* Base */,
			);
			name = Main.storyboard;
			sourceTree = "<group>";
		};
		526708A0292CA6E5002CDDAE /* LaunchScreen.storyboard */ = {
			isa = PBXVariantGroup;
			children = (
				526708A1292CA6E5002CDDAE /* Base */,
			);
			name = LaunchScreen.storyboard;
			sourceTree = "<group>";
		};
/* End PBXVariantGroup section */

/* Begin XCBuildConfiguration section */
		5262252F29333E1C0090FF0F /* Debug */ = {
			isa = XCBuildConfiguration;
			buildSettings = {
				"CODE_SIGN_IDENTITY[sdk=iphoneos*]" = "iPhone Developer";
				CODE_SIGN_STYLE = Manual;
				CURRENT_PROJECT_VERSION = 1;
				DEVELOPMENT_TEAM = "";
				"DEVELOPMENT_TEAM[sdk=iphoneos*]" = N27H9XFR3R;
				GENERATE_INFOPLIST_FILE = YES;
				INFOPLIST_FILE = msgNotificationContent/Info.plist;
				INFOPLIST_KEY_CFBundleDisplayName = msgNotificationContent;
				INFOPLIST_KEY_NSHumanReadableCopyright = "";
				LD_RUNPATH_SEARCH_PATHS = (
					"$(inherited)",
					"@executable_path/Frameworks",
					"@executable_path/../../Frameworks",
				);
				MARKETING_VERSION = 1.0;
				PRODUCT_BUNDLE_IDENTIFIER = cc.cans.canscloud.msgNotificationContent;
				PRODUCT_NAME = "$(TARGET_NAME)";
				PROVISIONING_PROFILE_SPECIFIER = "";
				"PROVISIONING_PROFILE_SPECIFIER[sdk=iphoneos*]" = "CANS Cloud msgNotificationContent Development";
				SKIP_INSTALL = YES;
				SWIFT_ACTIVE_COMPILATION_CONDITIONS = DEBUG;
				SWIFT_EMIT_LOC_STRINGS = YES;
				SWIFT_OPTIMIZATION_LEVEL = "-Onone";
				SWIFT_VERSION = 5.0;
				TARGETED_DEVICE_FAMILY = "1,2";
			};
			name = Debug;
		};
		5262253029333E1C0090FF0F /* Release */ = {
			isa = XCBuildConfiguration;
			buildSettings = {
				"CODE_SIGN_IDENTITY[sdk=iphoneos*]" = "iPhone Developer";
				CODE_SIGN_STYLE = Manual;
				CURRENT_PROJECT_VERSION = 1;
				DEVELOPMENT_TEAM = "";
				"DEVELOPMENT_TEAM[sdk=iphoneos*]" = N27H9XFR3R;
				GENERATE_INFOPLIST_FILE = YES;
				INFOPLIST_FILE = msgNotificationContent/Info.plist;
				INFOPLIST_KEY_CFBundleDisplayName = msgNotificationContent;
				INFOPLIST_KEY_NSHumanReadableCopyright = "";
				LD_RUNPATH_SEARCH_PATHS = (
					"$(inherited)",
					"@executable_path/Frameworks",
					"@executable_path/../../Frameworks",
				);
				MARKETING_VERSION = 1.0;
				PRODUCT_BUNDLE_IDENTIFIER = cc.cans.canscloud.msgNotificationContent;
				PRODUCT_NAME = "$(TARGET_NAME)";
				PROVISIONING_PROFILE_SPECIFIER = "";
				"PROVISIONING_PROFILE_SPECIFIER[sdk=iphoneos*]" = "CANS Cloud msgNotificationContent Development";
				SKIP_INSTALL = YES;
				SWIFT_COMPILATION_MODE = wholemodule;
				SWIFT_EMIT_LOC_STRINGS = YES;
				SWIFT_OPTIMIZATION_LEVEL = "-O";
				SWIFT_VERSION = 5.0;
				TARGETED_DEVICE_FAMILY = "1,2";
			};
			name = Release;
		};
		5262253E29333E5C0090FF0F /* Debug */ = {
			isa = XCBuildConfiguration;
			buildSettings = {
				"CODE_SIGN_IDENTITY[sdk=iphoneos*]" = "iPhone Developer";
				CODE_SIGN_STYLE = Manual;
				CURRENT_PROJECT_VERSION = 1;
				DEVELOPMENT_TEAM = "";
				"DEVELOPMENT_TEAM[sdk=iphoneos*]" = N27H9XFR3R;
				GENERATE_INFOPLIST_FILE = YES;
				INFOPLIST_FILE = msgNotificationService/Info.plist;
				INFOPLIST_KEY_CFBundleDisplayName = msgNotificationService;
				INFOPLIST_KEY_NSHumanReadableCopyright = "";
				LD_RUNPATH_SEARCH_PATHS = (
					"$(inherited)",
					"@executable_path/Frameworks",
					"@executable_path/../../Frameworks",
				);
				MARKETING_VERSION = 1.0;
				PRODUCT_BUNDLE_IDENTIFIER = cc.cans.canscloud.msgNotificationService;
				PRODUCT_NAME = "$(TARGET_NAME)";
				PROVISIONING_PROFILE_SPECIFIER = "";
				"PROVISIONING_PROFILE_SPECIFIER[sdk=iphoneos*]" = "CANS Cloud msgNotificationService Development";
				SKIP_INSTALL = YES;
				SWIFT_ACTIVE_COMPILATION_CONDITIONS = DEBUG;
				SWIFT_EMIT_LOC_STRINGS = YES;
				SWIFT_OPTIMIZATION_LEVEL = "-Onone";
				SWIFT_VERSION = 5.0;
				TARGETED_DEVICE_FAMILY = "1,2";
			};
			name = Debug;
		};
		5262253F29333E5C0090FF0F /* Release */ = {
			isa = XCBuildConfiguration;
			buildSettings = {
				"CODE_SIGN_IDENTITY[sdk=iphoneos*]" = "iPhone Developer";
				CODE_SIGN_STYLE = Manual;
				CURRENT_PROJECT_VERSION = 1;
				DEVELOPMENT_TEAM = "";
				"DEVELOPMENT_TEAM[sdk=iphoneos*]" = N27H9XFR3R;
				GENERATE_INFOPLIST_FILE = YES;
				INFOPLIST_FILE = msgNotificationService/Info.plist;
				INFOPLIST_KEY_CFBundleDisplayName = msgNotificationService;
				INFOPLIST_KEY_NSHumanReadableCopyright = "";
				LD_RUNPATH_SEARCH_PATHS = (
					"$(inherited)",
					"@executable_path/Frameworks",
					"@executable_path/../../Frameworks",
				);
				MARKETING_VERSION = 1.0;
				PRODUCT_BUNDLE_IDENTIFIER = cc.cans.canscloud.msgNotificationService;
				PRODUCT_NAME = "$(TARGET_NAME)";
				PROVISIONING_PROFILE_SPECIFIER = "";
				"PROVISIONING_PROFILE_SPECIFIER[sdk=iphoneos*]" = "CANS Cloud msgNotificationService Development";
				SKIP_INSTALL = YES;
				SWIFT_COMPILATION_MODE = wholemodule;
				SWIFT_EMIT_LOC_STRINGS = YES;
				SWIFT_OPTIMIZATION_LEVEL = "-O";
				SWIFT_VERSION = 5.0;
				TARGETED_DEVICE_FAMILY = "1,2";
			};
			name = Release;
		};
		526708A6292CA6E5002CDDAE /* Debug */ = {
			isa = XCBuildConfiguration;
			buildSettings = {
				ALWAYS_SEARCH_USER_PATHS = NO;
				CLANG_ANALYZER_NONNULL = YES;
				CLANG_ANALYZER_NUMBER_OBJECT_CONVERSION = YES_AGGRESSIVE;
				CLANG_CXX_LANGUAGE_STANDARD = "gnu++20";
				CLANG_ENABLE_MODULES = YES;
				CLANG_ENABLE_OBJC_ARC = YES;
				CLANG_ENABLE_OBJC_WEAK = YES;
				CLANG_WARN_BLOCK_CAPTURE_AUTORELEASING = YES;
				CLANG_WARN_BOOL_CONVERSION = YES;
				CLANG_WARN_COMMA = YES;
				CLANG_WARN_CONSTANT_CONVERSION = YES;
				CLANG_WARN_DEPRECATED_OBJC_IMPLEMENTATIONS = YES;
				CLANG_WARN_DIRECT_OBJC_ISA_USAGE = YES_ERROR;
				CLANG_WARN_DOCUMENTATION_COMMENTS = YES;
				CLANG_WARN_EMPTY_BODY = YES;
				CLANG_WARN_ENUM_CONVERSION = YES;
				CLANG_WARN_INFINITE_RECURSION = YES;
				CLANG_WARN_INT_CONVERSION = YES;
				CLANG_WARN_NON_LITERAL_NULL_CONVERSION = YES;
				CLANG_WARN_OBJC_IMPLICIT_RETAIN_SELF = YES;
				CLANG_WARN_OBJC_LITERAL_CONVERSION = YES;
				CLANG_WARN_OBJC_ROOT_CLASS = YES_ERROR;
				CLANG_WARN_QUOTED_INCLUDE_IN_FRAMEWORK_HEADER = YES;
				CLANG_WARN_RANGE_LOOP_ANALYSIS = YES;
				CLANG_WARN_STRICT_PROTOTYPES = YES;
				CLANG_WARN_SUSPICIOUS_MOVE = YES;
				CLANG_WARN_UNGUARDED_AVAILABILITY = YES_AGGRESSIVE;
				CLANG_WARN_UNREACHABLE_CODE = YES;
				CLANG_WARN__DUPLICATE_METHOD_MATCH = YES;
				COPY_PHASE_STRIP = NO;
				DEBUG_INFORMATION_FORMAT = dwarf;
				ENABLE_STRICT_OBJC_MSGSEND = YES;
				ENABLE_TESTABILITY = YES;
				GCC_C_LANGUAGE_STANDARD = gnu11;
				GCC_DYNAMIC_NO_PIC = NO;
				GCC_NO_COMMON_BLOCKS = YES;
				GCC_OPTIMIZATION_LEVEL = 0;
				GCC_PREPROCESSOR_DEFINITIONS = (
					"DEBUG=1",
					"$(inherited)",
				);
				GCC_WARN_64_TO_32_BIT_CONVERSION = YES;
				GCC_WARN_ABOUT_RETURN_TYPE = YES_ERROR;
				GCC_WARN_UNDECLARED_SELECTOR = YES;
				GCC_WARN_UNINITIALIZED_AUTOS = YES_AGGRESSIVE;
				GCC_WARN_UNUSED_FUNCTION = YES;
				GCC_WARN_UNUSED_VARIABLE = YES;
				IPHONEOS_DEPLOYMENT_TARGET = 16.1;
				MTL_ENABLE_DEBUG_INFO = INCLUDE_SOURCE;
				MTL_FAST_MATH = YES;
				ONLY_ACTIVE_ARCH = YES;
				SDKROOT = iphoneos;
			};
			name = Debug;
		};
		526708A7292CA6E5002CDDAE /* Release */ = {
			isa = XCBuildConfiguration;
			buildSettings = {
				ALWAYS_SEARCH_USER_PATHS = NO;
				CLANG_ANALYZER_NONNULL = YES;
				CLANG_ANALYZER_NUMBER_OBJECT_CONVERSION = YES_AGGRESSIVE;
				CLANG_CXX_LANGUAGE_STANDARD = "gnu++20";
				CLANG_ENABLE_MODULES = YES;
				CLANG_ENABLE_OBJC_ARC = YES;
				CLANG_ENABLE_OBJC_WEAK = YES;
				CLANG_WARN_BLOCK_CAPTURE_AUTORELEASING = YES;
				CLANG_WARN_BOOL_CONVERSION = YES;
				CLANG_WARN_COMMA = YES;
				CLANG_WARN_CONSTANT_CONVERSION = YES;
				CLANG_WARN_DEPRECATED_OBJC_IMPLEMENTATIONS = YES;
				CLANG_WARN_DIRECT_OBJC_ISA_USAGE = YES_ERROR;
				CLANG_WARN_DOCUMENTATION_COMMENTS = YES;
				CLANG_WARN_EMPTY_BODY = YES;
				CLANG_WARN_ENUM_CONVERSION = YES;
				CLANG_WARN_INFINITE_RECURSION = YES;
				CLANG_WARN_INT_CONVERSION = YES;
				CLANG_WARN_NON_LITERAL_NULL_CONVERSION = YES;
				CLANG_WARN_OBJC_IMPLICIT_RETAIN_SELF = YES;
				CLANG_WARN_OBJC_LITERAL_CONVERSION = YES;
				CLANG_WARN_OBJC_ROOT_CLASS = YES_ERROR;
				CLANG_WARN_QUOTED_INCLUDE_IN_FRAMEWORK_HEADER = YES;
				CLANG_WARN_RANGE_LOOP_ANALYSIS = YES;
				CLANG_WARN_STRICT_PROTOTYPES = YES;
				CLANG_WARN_SUSPICIOUS_MOVE = YES;
				CLANG_WARN_UNGUARDED_AVAILABILITY = YES_AGGRESSIVE;
				CLANG_WARN_UNREACHABLE_CODE = YES;
				CLANG_WARN__DUPLICATE_METHOD_MATCH = YES;
				COPY_PHASE_STRIP = NO;
				DEBUG_INFORMATION_FORMAT = "dwarf-with-dsym";
				ENABLE_NS_ASSERTIONS = NO;
				ENABLE_STRICT_OBJC_MSGSEND = YES;
				GCC_C_LANGUAGE_STANDARD = gnu11;
				GCC_NO_COMMON_BLOCKS = YES;
				GCC_WARN_64_TO_32_BIT_CONVERSION = YES;
				GCC_WARN_ABOUT_RETURN_TYPE = YES_ERROR;
				GCC_WARN_UNDECLARED_SELECTOR = YES;
				GCC_WARN_UNINITIALIZED_AUTOS = YES_AGGRESSIVE;
				GCC_WARN_UNUSED_FUNCTION = YES;
				GCC_WARN_UNUSED_VARIABLE = YES;
				IPHONEOS_DEPLOYMENT_TARGET = 16.1;
				MTL_ENABLE_DEBUG_INFO = NO;
				MTL_FAST_MATH = YES;
				SDKROOT = iphoneos;
				VALIDATE_PRODUCT = YES;
			};
			name = Release;
		};
		526708A9292CA6E5002CDDAE /* Debug */ = {
			isa = XCBuildConfiguration;
			buildSettings = {
				ALWAYS_EMBED_SWIFT_STANDARD_LIBRARIES = YES;
				ASSETCATALOG_COMPILER_APPICON_NAME = AppIcon;
				ASSETCATALOG_COMPILER_GLOBAL_ACCENT_COLOR_NAME = AccentColor;
				CLANG_ENABLE_MODULES = YES;
				"CODE_SIGN_IDENTITY[sdk=iphoneos*]" = "iPhone Developer";
				CODE_SIGN_STYLE = Manual;
				CURRENT_PROJECT_VERSION = 1;
				DEVELOPMENT_TEAM = "";
				"DEVELOPMENT_TEAM[sdk=iphoneos*]" = N27H9XFR3R;
				GENERATE_INFOPLIST_FILE = YES;
				INFOPLIST_FILE = DemoApp/Info.plist;
				INFOPLIST_KEY_UIApplicationSupportsIndirectInputEvents = YES;
				INFOPLIST_KEY_UILaunchStoryboardName = LaunchScreen;
				INFOPLIST_KEY_UIMainStoryboardFile = Main;
				INFOPLIST_KEY_UISupportedInterfaceOrientations_iPad = "UIInterfaceOrientationPortrait UIInterfaceOrientationPortraitUpsideDown UIInterfaceOrientationLandscapeLeft UIInterfaceOrientationLandscapeRight";
				INFOPLIST_KEY_UISupportedInterfaceOrientations_iPhone = "UIInterfaceOrientationPortrait UIInterfaceOrientationLandscapeLeft UIInterfaceOrientationLandscapeRight";
				LD_RUNPATH_SEARCH_PATHS = (
					"$(inherited)",
					"@executable_path/Frameworks",
				);
				MARKETING_VERSION = 1.0;
				PRODUCT_BUNDLE_IDENTIFIER = cc.cans.canscloud;
				PRODUCT_NAME = "$(TARGET_NAME)";
				PROVISIONING_PROFILE_SPECIFIER = "";
				"PROVISIONING_PROFILE_SPECIFIER[sdk=iphoneos*]" = "CANS Cloud Development";
				SWIFT_EMIT_LOC_STRINGS = YES;
				SWIFT_OBJC_BRIDGING_HEADER = "DemoApp/DemoApp-Bridging-Header.h";
				SWIFT_OPTIMIZATION_LEVEL = "-Onone";
				SWIFT_VERSION = 5.0;
				TARGETED_DEVICE_FAMILY = "1,2";
			};
			name = Debug;
		};
		526708AA292CA6E5002CDDAE /* Release */ = {
			isa = XCBuildConfiguration;
			buildSettings = {
				ALWAYS_EMBED_SWIFT_STANDARD_LIBRARIES = YES;
				ASSETCATALOG_COMPILER_APPICON_NAME = AppIcon;
				ASSETCATALOG_COMPILER_GLOBAL_ACCENT_COLOR_NAME = AccentColor;
				CLANG_ENABLE_MODULES = YES;
				"CODE_SIGN_IDENTITY[sdk=iphoneos*]" = "iPhone Developer";
				CODE_SIGN_STYLE = Manual;
				CURRENT_PROJECT_VERSION = 1;
				DEVELOPMENT_TEAM = "";
				"DEVELOPMENT_TEAM[sdk=iphoneos*]" = N27H9XFR3R;
				GENERATE_INFOPLIST_FILE = YES;
				INFOPLIST_FILE = DemoApp/Info.plist;
				INFOPLIST_KEY_UIApplicationSupportsIndirectInputEvents = YES;
				INFOPLIST_KEY_UILaunchStoryboardName = LaunchScreen;
				INFOPLIST_KEY_UIMainStoryboardFile = Main;
				INFOPLIST_KEY_UISupportedInterfaceOrientations_iPad = "UIInterfaceOrientationPortrait UIInterfaceOrientationPortraitUpsideDown UIInterfaceOrientationLandscapeLeft UIInterfaceOrientationLandscapeRight";
				INFOPLIST_KEY_UISupportedInterfaceOrientations_iPhone = "UIInterfaceOrientationPortrait UIInterfaceOrientationLandscapeLeft UIInterfaceOrientationLandscapeRight";
				LD_RUNPATH_SEARCH_PATHS = (
					"$(inherited)",
					"@executable_path/Frameworks",
				);
				MARKETING_VERSION = 1.0;
				PRODUCT_BUNDLE_IDENTIFIER = cc.cans.canscloud;
				PRODUCT_NAME = "$(TARGET_NAME)";
				PROVISIONING_PROFILE_SPECIFIER = "";
				"PROVISIONING_PROFILE_SPECIFIER[sdk=iphoneos*]" = "CANS Cloud Development";
				SWIFT_EMIT_LOC_STRINGS = YES;
				SWIFT_OBJC_BRIDGING_HEADER = "DemoApp/DemoApp-Bridging-Header.h";
				SWIFT_VERSION = 5.0;
				TARGETED_DEVICE_FAMILY = "1,2";
			};
			name = Release;
		};
/* End XCBuildConfiguration section */

/* Begin XCConfigurationList section */
		5262252E29333E1C0090FF0F /* Build configuration list for PBXNativeTarget "msgNotificationContent" */ = {
			isa = XCConfigurationList;
			buildConfigurations = (
				5262252F29333E1C0090FF0F /* Debug */,
				5262253029333E1C0090FF0F /* Release */,
			);
			defaultConfigurationIsVisible = 0;
			defaultConfigurationName = Release;
		};
		5262253D29333E5C0090FF0F /* Build configuration list for PBXNativeTarget "msgNotificationService" */ = {
			isa = XCConfigurationList;
			buildConfigurations = (
				5262253E29333E5C0090FF0F /* Debug */,
				5262253F29333E5C0090FF0F /* Release */,
			);
			defaultConfigurationIsVisible = 0;
			defaultConfigurationName = Release;
		};
		5267088A292CA6E3002CDDAE /* Build configuration list for PBXProject "DemoApp" */ = {
			isa = XCConfigurationList;
			buildConfigurations = (
				526708A6292CA6E5002CDDAE /* Debug */,
				526708A7292CA6E5002CDDAE /* Release */,
			);
			defaultConfigurationIsVisible = 0;
			defaultConfigurationName = Release;
		};
		526708A8292CA6E5002CDDAE /* Build configuration list for PBXNativeTarget "DemoApp" */ = {
			isa = XCConfigurationList;
			buildConfigurations = (
				526708A9292CA6E5002CDDAE /* Debug */,
				526708AA292CA6E5002CDDAE /* Release */,
			);
			defaultConfigurationIsVisible = 0;
			defaultConfigurationName = Release;
		};
/* End XCConfigurationList section */
	};
	rootObject = 52670887292CA6E3002CDDAE /* Project object */;
}
