// !$*UTF8*$!
{
	archiveVersion = 1;
	classes = {
	};
	objectVersion = 55;
	objects = {

/* Begin PBXBuildFile section */
		2B4C0B2F28DC6B1600F35838 /* canscloud_ios_framework.docc in Sources */ = {isa = PBXBuildFile; fileRef = 2B4C0B2E28DC6B1600F35838 /* canscloud_ios_framework.docc */; };
		2B4C0B3528DC6B1700F35838 /* canscloud_ios_framework.framework in Frameworks */ = {isa = PBXBuildFile; fileRef = 2B4C0B2A28DC6B1600F35838 /* canscloud_ios_framework.framework */; };
		2B4C0B3A28DC6B1700F35838 /* canscloud_ios_frameworkTests.swift in Sources */ = {isa = PBXBuildFile; fileRef = 2B4C0B3928DC6B1700F35838 /* canscloud_ios_frameworkTests.swift */; };
		2B4C0B3B28DC6B1700F35838 /* canscloud_ios_framework.h in Headers */ = {isa = PBXBuildFile; fileRef = 2B4C0B2D28DC6B1600F35838 /* canscloud_ios_framework.h */; settings = {ATTRIBUTES = (Public, ); }; };
		52F5D74828EC4260003719E8 /* CdrHistoryWorker.swift in Sources */ = {isa = PBXBuildFile; fileRef = 52F5D74728EC4260003719E8 /* CdrHistoryWorker.swift */; };
		52F5D74A28EC4289003719E8 /* CdrHistoryApi.swift in Sources */ = {isa = PBXBuildFile; fileRef = 52F5D74928EC4288003719E8 /* CdrHistoryApi.swift */; };
/* End PBXBuildFile section */

/* Begin PBXContainerItemProxy section */
		2B4C0B3628DC6B1700F35838 /* PBXContainerItemProxy */ = {
			isa = PBXContainerItemProxy;
			containerPortal = 2B4C0B2128DC6B1600F35838 /* Project object */;
			proxyType = 1;
			remoteGlobalIDString = 2B4C0B2928DC6B1600F35838;
			remoteInfo = "canscloud-ios-framework";
		};
/* End PBXContainerItemProxy section */

/* Begin PBXFileReference section */
		2B4C0B2A28DC6B1600F35838 /* canscloud_ios_framework.framework */ = {isa = PBXFileReference; explicitFileType = wrapper.framework; includeInIndex = 0; path = canscloud_ios_framework.framework; sourceTree = BUILT_PRODUCTS_DIR; };
		2B4C0B2D28DC6B1600F35838 /* canscloud_ios_framework.h */ = {isa = PBXFileReference; lastKnownFileType = sourcecode.c.h; path = canscloud_ios_framework.h; sourceTree = "<group>"; };
		2B4C0B2E28DC6B1600F35838 /* canscloud_ios_framework.docc */ = {isa = PBXFileReference; lastKnownFileType = folder.documentationcatalog; path = canscloud_ios_framework.docc; sourceTree = "<group>"; };
		2B4C0B3428DC6B1700F35838 /* canscloud-ios-frameworkTests.xctest */ = {isa = PBXFileReference; explicitFileType = wrapper.cfbundle; includeInIndex = 0; path = "canscloud-ios-frameworkTests.xctest"; sourceTree = BUILT_PRODUCTS_DIR; };
		2B4C0B3928DC6B1700F35838 /* canscloud_ios_frameworkTests.swift */ = {isa = PBXFileReference; lastKnownFileType = sourcecode.swift; path = canscloud_ios_frameworkTests.swift; sourceTree = "<group>"; };
		52F5D74728EC4260003719E8 /* CdrHistoryWorker.swift */ = {isa = PBXFileReference; fileEncoding = 4; lastKnownFileType = sourcecode.swift; path = CdrHistoryWorker.swift; sourceTree = "<group>"; };
		52F5D74928EC4288003719E8 /* CdrHistoryApi.swift */ = {isa = PBXFileReference; fileEncoding = 4; lastKnownFileType = sourcecode.swift; path = CdrHistoryApi.swift; sourceTree = "<group>"; };
/* End PBXFileReference section */

/* Begin PBXFrameworksBuildPhase section */
		2B4C0B2728DC6B1600F35838 /* Frameworks */ = {
			isa = PBXFrameworksBuildPhase;
			buildActionMask = 2147483647;
			files = (
			);
			runOnlyForDeploymentPostprocessing = 0;
		};
		2B4C0B3128DC6B1700F35838 /* Frameworks */ = {
			isa = PBXFrameworksBuildPhase;
			buildActionMask = 2147483647;
			files = (
				2B4C0B3528DC6B1700F35838 /* canscloud_ios_framework.framework in Frameworks */,
			);
			runOnlyForDeploymentPostprocessing = 0;
		};
/* End PBXFrameworksBuildPhase section */

/* Begin PBXGroup section */
		2B4C0B2028DC6B1600F35838 = {
			isa = PBXGroup;
			children = (
				2B4C0B2C28DC6B1600F35838 /* canscloud-ios-framework */,
				2B4C0B3828DC6B1700F35838 /* canscloud-ios-frameworkTests */,
				2B4C0B2B28DC6B1600F35838 /* Products */,
			);
			sourceTree = "<group>";
		};
		2B4C0B2B28DC6B1600F35838 /* Products */ = {
			isa = PBXGroup;
			children = (
				2B4C0B2A28DC6B1600F35838 /* canscloud_ios_framework.framework */,
				2B4C0B3428DC6B1700F35838 /* canscloud-ios-frameworkTests.xctest */,
			);
			name = Products;
			sourceTree = "<group>";
		};
		2B4C0B2C28DC6B1600F35838 /* canscloud-ios-framework */ = {
			isa = PBXGroup;
			children = (
				52F5D74928EC4288003719E8 /* CdrHistoryApi.swift */,
				52F5D74728EC4260003719E8 /* CdrHistoryWorker.swift */,
				2B4C0B2D28DC6B1600F35838 /* canscloud_ios_framework.h */,
				2B4C0B2E28DC6B1600F35838 /* canscloud_ios_framework.docc */,
			);
			path = "canscloud-ios-framework";
			sourceTree = "<group>";
		};
		2B4C0B3828DC6B1700F35838 /* canscloud-ios-frameworkTests */ = {
			isa = PBXGroup;
			children = (
				2B4C0B3928DC6B1700F35838 /* canscloud_ios_frameworkTests.swift */,
			);
			path = "canscloud-ios-frameworkTests";
			sourceTree = "<group>";
		};
/* End PBXGroup section */

/* Begin PBXHeadersBuildPhase section */
		2B4C0B2528DC6B1600F35838 /* Headers */ = {
			isa = PBXHeadersBuildPhase;
			buildActionMask = 2147483647;
			files = (
				2B4C0B3B28DC6B1700F35838 /* canscloud_ios_framework.h in Headers */,
			);
			runOnlyForDeploymentPostprocessing = 0;
		};
/* End PBXHeadersBuildPhase section */

/* Begin PBXNativeTarget section */
		2B4C0B2928DC6B1600F35838 /* canscloud-ios-framework */ = {
			isa = PBXNativeTarget;
			buildConfigurationList = 2B4C0B3E28DC6B1700F35838 /* Build configuration list for PBXNativeTarget "canscloud-ios-framework" */;
			buildPhases = (
				2B4C0B2528DC6B1600F35838 /* Headers */,
				2B4C0B2628DC6B1600F35838 /* Sources */,
				2B4C0B2728DC6B1600F35838 /* Frameworks */,
				2B4C0B2828DC6B1600F35838 /* Resources */,
			);
			buildRules = (
			);
			dependencies = (
			);
			name = "canscloud-ios-framework";
			packageProductDependencies = (
			);
			productName = "canscloud-ios-framework";
			productReference = 2B4C0B2A28DC6B1600F35838 /* canscloud_ios_framework.framework */;
			productType = "com.apple.product-type.framework";
		};
		2B4C0B3328DC6B1700F35838 /* canscloud-ios-frameworkTests */ = {
			isa = PBXNativeTarget;
			buildConfigurationList = 2B4C0B4128DC6B1700F35838 /* Build configuration list for PBXNativeTarget "canscloud-ios-frameworkTests" */;
			buildPhases = (
				6AE2E9172BB4986D63ACF8FB /* [CP] Check Pods Manifest.lock */,
				2B4C0B3028DC6B1700F35838 /* Sources */,
				2B4C0B3128DC6B1700F35838 /* Frameworks */,
				2B4C0B3228DC6B1700F35838 /* Resources */,
				81450F4F22BED60FC61624A2 /* [CP] Embed Pods Frameworks */,
			);
			buildRules = (
			);
			dependencies = (
				2B4C0B3728DC6B1700F35838 /* PBXTargetDependency */,
			);
			name = "canscloud-ios-frameworkTests";
			productName = "canscloud-ios-frameworkTests";
			productReference = 2B4C0B3428DC6B1700F35838 /* canscloud-ios-frameworkTests.xctest */;
			productType = "com.apple.product-type.bundle.unit-test";
		};
/* End PBXNativeTarget section */

/* Begin PBXProject section */
		2B4C0B2128DC6B1600F35838 /* Project object */ = {
			isa = PBXProject;
			attributes = {
				BuildIndependentTargetsInParallel = 1;
				LastSwiftUpdateCheck = 1340;
				LastUpgradeCheck = 1340;
				TargetAttributes = {
					2B4C0B2928DC6B1600F35838 = {
						CreatedOnToolsVersion = 13.4.1;
					};
					2B4C0B3328DC6B1700F35838 = {
						CreatedOnToolsVersion = 13.4.1;
					};
				};
			};
			buildConfigurationList = 2B4C0B2428DC6B1600F35838 /* Build configuration list for PBXProject "canscloud-ios-framework" */;
			compatibilityVersion = "Xcode 13.0";
			developmentRegion = en;
			hasScannedForEncodings = 0;
			knownRegions = (
				en,
				Base,
			);
			mainGroup = 2B4C0B2028DC6B1600F35838;
			packageReferences = (
			);
			productRefGroup = 2B4C0B2B28DC6B1600F35838 /* Products */;
			projectDirPath = "";
			projectRoot = "";
			targets = (
				2B4C0B2928DC6B1600F35838 /* canscloud-ios-framework */,
				2B4C0B3328DC6B1700F35838 /* canscloud-ios-frameworkTests */,
			);
		};
/* End PBXProject section */

/* Begin PBXResourcesBuildPhase section */
		2B4C0B2828DC6B1600F35838 /* Resources */ = {
			isa = PBXResourcesBuildPhase;
			buildActionMask = 2147483647;
			files = (
			);
			runOnlyForDeploymentPostprocessing = 0;
		};
		2B4C0B3228DC6B1700F35838 /* Resources */ = {
			isa = PBXResourcesBuildPhase;
			buildActionMask = 2147483647;
			files = (
			);
			runOnlyForDeploymentPostprocessing = 0;
		};
/* End PBXResourcesBuildPhase section */

/* Begin PBXShellScriptBuildPhase section */
		6AE2E9172BB4986D63ACF8FB /* [CP] Check Pods Manifest.lock */ = {
			isa = PBXShellScriptBuildPhase;
			buildActionMask = 2147483647;
			files = (
			);
			inputFileListPaths = (
			);
			inputPaths = (
				"${PODS_PODFILE_DIR_PATH}/Podfile.lock",
				"${PODS_ROOT}/Manifest.lock",
			);
			name = "[CP] Check Pods Manifest.lock";
			outputFileListPaths = (
			);
			outputPaths = (
				"$(DERIVED_FILE_DIR)/Pods-canscloud-ios-framework-canscloud-ios-frameworkTests-checkManifestLockResult.txt",
			);
			runOnlyForDeploymentPostprocessing = 0;
			shellPath = /bin/sh;
			shellScript = "diff \"${PODS_PODFILE_DIR_PATH}/Podfile.lock\" \"${PODS_ROOT}/Manifest.lock\" > /dev/null\nif [ $? != 0 ] ; then\n    # print error to STDERR\n    echo \"error: The sandbox is not in sync with the Podfile.lock. Run 'pod install' or update your CocoaPods installation.\" >&2\n    exit 1\nfi\n# This output is used by Xcode 'outputs' to avoid re-running this script phase.\necho \"SUCCESS\" > \"${SCRIPT_OUTPUT_FILE_0}\"\n";
			showEnvVarsInLog = 0;
		};
		81450F4F22BED60FC61624A2 /* [CP] Embed Pods Frameworks */ = {
			isa = PBXShellScriptBuildPhase;
			buildActionMask = 2147483647;
			files = (
			);
			inputFileListPaths = (
				"${PODS_ROOT}/Target Support Files/Pods-canscloud-ios-framework-canscloud-ios-frameworkTests/Pods-canscloud-ios-framework-canscloud-ios-frameworkTests-frameworks-${CONFIGURATION}-input-files.xcfilelist",
			);
			name = "[CP] Embed Pods Frameworks";
			outputFileListPaths = (
				"${PODS_ROOT}/Target Support Files/Pods-canscloud-ios-framework-canscloud-ios-frameworkTests/Pods-canscloud-ios-framework-canscloud-ios-frameworkTests-frameworks-${CONFIGURATION}-output-files.xcfilelist",
			);
			runOnlyForDeploymentPostprocessing = 0;
			shellPath = /bin/sh;
			shellScript = "\"${PODS_ROOT}/Target Support Files/Pods-canscloud-ios-framework-canscloud-ios-frameworkTests/Pods-canscloud-ios-framework-canscloud-ios-frameworkTests-frameworks.sh\"\n";
			showEnvVarsInLog = 0;
		};
/* End PBXShellScriptBuildPhase section */

/* Begin PBXSourcesBuildPhase section */
		2B4C0B2628DC6B1600F35838 /* Sources */ = {
			isa = PBXSourcesBuildPhase;
			buildActionMask = 2147483647;
			files = (
				52F5D74828EC4260003719E8 /* CdrHistoryWorker.swift in Sources */,
				52F5D74A28EC4289003719E8 /* CdrHistoryApi.swift in Sources */,
				2B4C0B2F28DC6B1600F35838 /* canscloud_ios_framework.docc in Sources */,
			);
			runOnlyForDeploymentPostprocessing = 0;
		};
		2B4C0B3028DC6B1700F35838 /* Sources */ = {
			isa = PBXSourcesBuildPhase;
			buildActionMask = 2147483647;
			files = (
				2B4C0B3A28DC6B1700F35838 /* canscloud_ios_frameworkTests.swift in Sources */,
			);
			runOnlyForDeploymentPostprocessing = 0;
		};
/* End PBXSourcesBuildPhase section */

/* Begin PBXTargetDependency section */
		2B4C0B3728DC6B1700F35838 /* PBXTargetDependency */ = {
			isa = PBXTargetDependency;
			target = 2B4C0B2928DC6B1600F35838 /* canscloud-ios-framework */;
			targetProxy = 2B4C0B3628DC6B1700F35838 /* PBXContainerItemProxy */;
		};
/* End PBXTargetDependency section */

/* Begin XCBuildConfiguration section */
		2B4C0B3C28DC6B1700F35838 /* Debug */ = {
			isa = XCBuildConfiguration;
			buildSettings = {
				ALWAYS_SEARCH_USER_PATHS = NO;
				CLANG_ANALYZER_NONNULL = YES;
				CLANG_ANALYZER_NUMBER_OBJECT_CONVERSION = YES_AGGRESSIVE;
				CLANG_CXX_LANGUAGE_STANDARD = "gnu++17";
				CLANG_ENABLE_MODULES = YES;
				CLANG_ENABLE_OBJC_ARC = YES;
				CLANG_ENABLE_OBJC_WEAK = YES;
				CLANG_WARN_BLOCK_CAPTURE_AUTORELEASING = YES;
				CLANG_WARN_BOOL_CONVERSION = YES;
				CLANG_WARN_COMMA = YES;
				CLANG_WARN_CONSTANT_CONVERSION = YES;
				CLANG_WARN_DEPRECATED_OBJC_IMPLEMENTATIONS = YES;
				CLANG_WARN_DIRECT_OBJC_ISA_USAGE = YES_ERROR;
				CLANG_WARN_DOCUMENTATION_COMMENTS = YES;
				CLANG_WARN_EMPTY_BODY = YES;
				CLANG_WARN_ENUM_CONVERSION = YES;
				CLANG_WARN_INFINITE_RECURSION = YES;
				CLANG_WARN_INT_CONVERSION = YES;
				CLANG_WARN_NON_LITERAL_NULL_CONVERSION = YES;
				CLANG_WARN_OBJC_IMPLICIT_RETAIN_SELF = YES;
				CLANG_WARN_OBJC_LITERAL_CONVERSION = YES;
				CLANG_WARN_OBJC_ROOT_CLASS = YES_ERROR;
				CLANG_WARN_QUOTED_INCLUDE_IN_FRAMEWORK_HEADER = YES;
				CLANG_WARN_RANGE_LOOP_ANALYSIS = YES;
				CLANG_WARN_STRICT_PROTOTYPES = YES;
				CLANG_WARN_SUSPICIOUS_MOVE = YES;
				CLANG_WARN_UNGUARDED_AVAILABILITY = YES_AGGRESSIVE;
				CLANG_WARN_UNREACHABLE_CODE = YES;
				CLANG_WARN__DUPLICATE_METHOD_MATCH = YES;
				COPY_PHASE_STRIP = NO;
				CURRENT_PROJECT_VERSION = 1;
				DEBUG_INFORMATION_FORMAT = dwarf;
				ENABLE_STRICT_OBJC_MSGSEND = YES;
				ENABLE_TESTABILITY = YES;
				GCC_C_LANGUAGE_STANDARD = gnu11;
				GCC_DYNAMIC_NO_PIC = NO;
				GCC_NO_COMMON_BLOCKS = YES;
				GCC_OPTIMIZATION_LEVEL = 0;
				GCC_PREPROCESSOR_DEFINITIONS = (
					"DEBUG=1",
					"$(inherited)",
				);
				GCC_WARN_64_TO_32_BIT_CONVERSION = YES;
				GCC_WARN_ABOUT_RETURN_TYPE = YES_ERROR;
				GCC_WARN_UNDECLARED_SELECTOR = YES;
				GCC_WARN_UNINITIALIZED_AUTOS = YES_AGGRESSIVE;
				GCC_WARN_UNUSED_FUNCTION = YES;
				GCC_WARN_UNUSED_VARIABLE = YES;
				IPHONEOS_DEPLOYMENT_TARGET = 15.5;
				MTL_ENABLE_DEBUG_INFO = INCLUDE_SOURCE;
				MTL_FAST_MATH = YES;
				ONLY_ACTIVE_ARCH = YES;
				SDKROOT = iphoneos;
				SWIFT_ACTIVE_COMPILATION_CONDITIONS = DEBUG;
				SWIFT_OPTIMIZATION_LEVEL = "-Onone";
				VERSIONING_SYSTEM = "apple-generic";
				VERSION_INFO_PREFIX = "";
			};
			name = Debug;
		};
		2B4C0B3D28DC6B1700F35838 /* Release */ = {
			isa = XCBuildConfiguration;
			buildSettings = {
				ALWAYS_SEARCH_USER_PATHS = NO;
				CLANG_ANALYZER_NONNULL = YES;
				CLANG_ANALYZER_NUMBER_OBJECT_CONVERSION = YES_AGGRESSIVE;
				CLANG_CXX_LANGUAGE_STANDARD = "gnu++17";
				CLANG_ENABLE_MODULES = YES;
				CLANG_ENABLE_OBJC_ARC = YES;
				CLANG_ENABLE_OBJC_WEAK = YES;
				CLANG_WARN_BLOCK_CAPTURE_AUTORELEASING = YES;
				CLANG_WARN_BOOL_CONVERSION = YES;
				CLANG_WARN_COMMA = YES;
				CLANG_WARN_CONSTANT_CONVERSION = YES;
				CLANG_WARN_DEPRECATED_OBJC_IMPLEMENTATIONS = YES;
				CLANG_WARN_DIRECT_OBJC_ISA_USAGE = YES_ERROR;
				CLANG_WARN_DOCUMENTATION_COMMENTS = YES;
				CLANG_WARN_EMPTY_BODY = YES;
				CLANG_WARN_ENUM_CONVERSION = YES;
				CLANG_WARN_INFINITE_RECURSION = YES;
				CLANG_WARN_INT_CONVERSION = YES;
				CLANG_WARN_NON_LITERAL_NULL_CONVERSION = YES;
				CLANG_WARN_OBJC_IMPLICIT_RETAIN_SELF = YES;
				CLANG_WARN_OBJC_LITERAL_CONVERSION = YES;
				CLANG_WARN_OBJC_ROOT_CLASS = YES_ERROR;
				CLANG_WARN_QUOTED_INCLUDE_IN_FRAMEWORK_HEADER = YES;
				CLANG_WARN_RANGE_LOOP_ANALYSIS = YES;
				CLANG_WARN_STRICT_PROTOTYPES = YES;
				CLANG_WARN_SUSPICIOUS_MOVE = YES;
				CLANG_WARN_UNGUARDED_AVAILABILITY = YES_AGGRESSIVE;
				CLANG_WARN_UNREACHABLE_CODE = YES;
				CLANG_WARN__DUPLICATE_METHOD_MATCH = YES;
				COPY_PHASE_STRIP = NO;
				CURRENT_PROJECT_VERSION = 1;
				DEBUG_INFORMATION_FORMAT = "dwarf-with-dsym";
				ENABLE_NS_ASSERTIONS = NO;
				ENABLE_STRICT_OBJC_MSGSEND = YES;
				GCC_C_LANGUAGE_STANDARD = gnu11;
				GCC_NO_COMMON_BLOCKS = YES;
				GCC_WARN_64_TO_32_BIT_CONVERSION = YES;
				GCC_WARN_ABOUT_RETURN_TYPE = YES_ERROR;
				GCC_WARN_UNDECLARED_SELECTOR = YES;
				GCC_WARN_UNINITIALIZED_AUTOS = YES_AGGRESSIVE;
				GCC_WARN_UNUSED_FUNCTION = YES;
				GCC_WARN_UNUSED_VARIABLE = YES;
				IPHONEOS_DEPLOYMENT_TARGET = 15.5;
				MTL_ENABLE_DEBUG_INFO = NO;
				MTL_FAST_MATH = YES;
				SDKROOT = iphoneos;
				SWIFT_COMPILATION_MODE = wholemodule;
				SWIFT_OPTIMIZATION_LEVEL = "-O";
				VALIDATE_PRODUCT = YES;
				VERSIONING_SYSTEM = "apple-generic";
				VERSION_INFO_PREFIX = "";
			};
			name = Release;
		};
		2B4C0B3F28DC6B1700F35838 /* Debug */ = {
			isa = XCBuildConfiguration;
			buildSettings = {
				BUILD_LIBRARY_FOR_DISTRIBUTION = YES;
				CODE_SIGN_STYLE = Automatic;
				CURRENT_PROJECT_VERSION = 3;
				DEFINES_MODULE = YES;
				DEVELOPMENT_TEAM = N27H9XFR3R;
				DYLIB_COMPATIBILITY_VERSION = 1;
				DYLIB_CURRENT_VERSION = 1;
				DYLIB_INSTALL_NAME_BASE = "@rpath";
				EXCLUDED_ARCHS = "";
				GENERATE_INFOPLIST_FILE = YES;
				INFOPLIST_KEY_NSHumanReadableCopyright = "";
				INSTALL_PATH = "$(LOCAL_LIBRARY_DIR)/Frameworks";
				IPHONEOS_DEPLOYMENT_TARGET = 11.0;
				LD_RUNPATH_SEARCH_PATHS = (
					"$(inherited)",
					"@executable_path/Frameworks",
					"@loader_path/Frameworks",
				);
				MARKETING_VERSION = 0.1.0;
				PRODUCT_BUNDLE_IDENTIFIER = "cc.cans.canscloud-ios-framework";
				PRODUCT_NAME = "$(TARGET_NAME:c99extidentifier)";
				SKIP_INSTALL = YES;
				SUPPORTED_PLATFORMS = "iphoneos iphonesimulator";
				SUPPORTS_MACCATALYST = NO;
				SUPPORTS_MAC_DESIGNED_FOR_IPHONE_IPAD = NO;
				SWIFT_EMIT_LOC_STRINGS = YES;
				SWIFT_VERSION = 5.0;
				TARGETED_DEVICE_FAMILY = 1;
			};
			name = Debug;
		};
		2B4C0B4028DC6B1700F35838 /* Release */ = {
			isa = XCBuildConfiguration;
			buildSettings = {
				BUILD_LIBRARY_FOR_DISTRIBUTION = YES;
				CODE_SIGN_STYLE = Automatic;
				CURRENT_PROJECT_VERSION = 3;
				DEFINES_MODULE = YES;
				DEVELOPMENT_TEAM = N27H9XFR3R;
				DYLIB_COMPATIBILITY_VERSION = 1;
				DYLIB_CURRENT_VERSION = 1;
				DYLIB_INSTALL_NAME_BASE = "@rpath";
				EXCLUDED_ARCHS = "";
				GENERATE_INFOPLIST_FILE = YES;
				INFOPLIST_KEY_NSHumanReadableCopyright = "";
				INSTALL_PATH = "$(LOCAL_LIBRARY_DIR)/Frameworks";
				IPHONEOS_DEPLOYMENT_TARGET = 11.0;
				LD_RUNPATH_SEARCH_PATHS = (
					"$(inherited)",
					"@executable_path/Frameworks",
					"@loader_path/Frameworks",
				);
				MARKETING_VERSION = 0.1.0;
				PRODUCT_BUNDLE_IDENTIFIER = "cc.cans.canscloud-ios-framework";
				PRODUCT_NAME = "$(TARGET_NAME:c99extidentifier)";
				SKIP_INSTALL = YES;
				SUPPORTED_PLATFORMS = "iphoneos iphonesimulator";
				SUPPORTS_MACCATALYST = NO;
				SUPPORTS_MAC_DESIGNED_FOR_IPHONE_IPAD = NO;
				SWIFT_EMIT_LOC_STRINGS = YES;
				SWIFT_VERSION = 5.0;
				TARGETED_DEVICE_FAMILY = 1;
			};
			name = Release;
		};
		2B4C0B4228DC6B1700F35838 /* Debug */ = {
			isa = XCBuildConfiguration;
			buildSettings = {
				ALWAYS_EMBED_SWIFT_STANDARD_LIBRARIES = YES;
				CODE_SIGN_STYLE = Automatic;
				CURRENT_PROJECT_VERSION = 1;
				DEVELOPMENT_TEAM = N27H9XFR3R;
				GENERATE_INFOPLIST_FILE = YES;
				MARKETING_VERSION = 1.0;
				PRODUCT_BUNDLE_IDENTIFIER = "cc.cans.canscloud-ios-frameworkTests";
				PRODUCT_NAME = "$(TARGET_NAME)";
				SWIFT_EMIT_LOC_STRINGS = NO;
				SWIFT_VERSION = 5.0;
				TARGETED_DEVICE_FAMILY = "1,2";
			};
			name = Debug;
		};
		2B4C0B4328DC6B1700F35838 /* Release */ = {
			isa = XCBuildConfiguration;
			buildSettings = {
				ALWAYS_EMBED_SWIFT_STANDARD_LIBRARIES = YES;
				CODE_SIGN_STYLE = Automatic;
				CURRENT_PROJECT_VERSION = 1;
				DEVELOPMENT_TEAM = N27H9XFR3R;
				GENERATE_INFOPLIST_FILE = YES;
				MARKETING_VERSION = 1.0;
				PRODUCT_BUNDLE_IDENTIFIER = "cc.cans.canscloud-ios-frameworkTests";
				PRODUCT_NAME = "$(TARGET_NAME)";
				SWIFT_EMIT_LOC_STRINGS = NO;
				SWIFT_VERSION = 5.0;
				TARGETED_DEVICE_FAMILY = "1,2";
			};
			name = Release;
		};
/* End XCBuildConfiguration section */

/* Begin XCConfigurationList section */
		2B4C0B2428DC6B1600F35838 /* Build configuration list for PBXProject "canscloud-ios-framework" */ = {
			isa = XCConfigurationList;
			buildConfigurations = (
				2B4C0B3C28DC6B1700F35838 /* Debug */,
				2B4C0B3D28DC6B1700F35838 /* Release */,
			);
			defaultConfigurationIsVisible = 0;
			defaultConfigurationName = Release;
		};
		2B4C0B3E28DC6B1700F35838 /* Build configuration list for PBXNativeTarget "canscloud-ios-framework" */ = {
			isa = XCConfigurationList;
			buildConfigurations = (
				2B4C0B3F28DC6B1700F35838 /* Debug */,
				2B4C0B4028DC6B1700F35838 /* Release */,
			);
			defaultConfigurationIsVisible = 0;
			defaultConfigurationName = Release;
		};
		2B4C0B4128DC6B1700F35838 /* Build configuration list for PBXNativeTarget "canscloud-ios-frameworkTests" */ = {
			isa = XCConfigurationList;
			buildConfigurations = (
				2B4C0B4228DC6B1700F35838 /* Debug */,
				2B4C0B4328DC6B1700F35838 /* Release */,
			);
			defaultConfigurationIsVisible = 0;
			defaultConfigurationName = Release;
		};
/* End XCConfigurationList section */
	};
	rootObject = 2B4C0B2128DC6B1600F35838 /* Project object */;
}
